
Microsoft Visual Studio Solution File, Format Version 12.00
# Visual Studio Version 17
VisualStudioVersion = 17.12.35707.178
MinimumVisualStudioVersion = 10.0.40219.1
Project("{FAE04EC0-301F-11D3-BF4B-00C04F79EFBC}") = "Grammar_1", "Grammar_1\Grammar_1.csproj", "{05F9EA1D-AE75-454F-952C-928E5B288BC6}"
EndProject
Project("{FAE04EC0-301F-11D3-BF4B-00C04F79EFBC}") = "Grammar_2", "Grammar_2\Grammar_2.csproj", "{C87F7F1A-03D9-4CA9-A2E5-E24DC2672C28}"
EndProject
Global
	GlobalSection(SolutionConfigurationPlatforms) = preSolution
		Debug|Any CPU = Debug|Any CPU
		Release|Any CPU = Release|Any CPU
	EndGlobalSection
	GlobalSection(ProjectConfigurationPlatforms) = postSolution
		{05F9EA1D-AE75-454F-952C-928E5B288BC6}.Debug|Any CPU.ActiveCfg = Debug|Any CPU
		{05F9EA1D-AE75-454F-952C-928E5B288BC6}.Debug|Any CPU.Build.0 = Debug|Any CPU
		{05F9EA1D-AE75-454F-952C-928E5B288BC6}.Release|Any CPU.ActiveCfg = Release|Any CPU
		{05F9EA1D-AE75-454F-952C-928E5B288BC6}.Release|Any CPU.Build.0 = Release|Any CPU
		{C87F7F1A-03D9-4CA9-A2E5-E24DC2672C28}.Debug|Any CPU.ActiveCfg = Debug|Any CPU
		{C87F7F1A-03D9-4CA9-A2E5-E24DC2672C28}.Debug|Any CPU.Build.0 = Debug|Any CPU
		{C87F7F1A-03D9-4CA9-A2E5-E24DC2672C28}.Release|Any CPU.ActiveCfg = Release|Any CPU
		{C87F7F1A-03D9-4CA9-A2E5-E24DC2672C28}.Release|Any CPU.Build.0 = Release|Any CPU
	EndGlobalSection
	GlobalSection(SolutionProperties) = preSolution
		HideSolutionNode = FALSE
	EndGlobalSection
EndGlobal
